
Microsoft Visual Studio Solution File, Format Version 10.00
# Visual Studio 2008
Project("{8BC9CEB8-8B4A-11D0-8D11-00A0C91BC942}") = "sheckers.engine", "sheckers.vcproj", "{86723820-92F8-4606-A99D-0437D41BD453}"
EndProject
Project("{8BC9CEB8-8B4A-11D0-8D11-00A0C91BC942}") = "sheckers.console", "..\sheckers.console\sheckers.console.vcproj", "{69A4973A-A93A-4A40-9AAE-92580CD8235D}"
EndProject
Global
	GlobalSection(SolutionConfigurationPlatforms) = preSolution
		Debug|Win32 = Debug|Win32
		Release|Win32 = Release|Win32
	EndGlobalSection
	GlobalSection(ProjectConfigurationPlatforms) = postSolution
		{86723820-92F8-4606-A99D-0437D41BD453}.Debug|Win32.ActiveCfg = Debug|Win32
		{86723820-92F8-4606-A99D-0437D41BD453}.Debug|Win32.Build.0 = Debug|Win32
		{86723820-92F8-4606-A99D-0437D41BD453}.Release|Win32.ActiveCfg = Release|Win32
		{86723820-92F8-4606-A99D-0437D41BD453}.Release|Win32.Build.0 = Release|Win32
		{69A4973A-A93A-4A40-9AAE-92580CD8235D}.Debug|Win32.ActiveCfg = Debug|Win32
		{69A4973A-A93A-4A40-9AAE-92580CD8235D}.Debug|Win32.Build.0 = Debug|Win32
		{69A4973A-A93A-4A40-9AAE-92580CD8235D}.Release|Win32.ActiveCfg = Release|Win32
		{69A4973A-A93A-4A40-9AAE-92580CD8235D}.Release|Win32.Build.0 = Release|Win32
	EndGlobalSection
	GlobalSection(SolutionProperties) = preSolution
		HideSolutionNode = FALSE
	EndGlobalSection
EndGlobal
